// !$*UTF8*$!
{
	archiveVersion = 1;
	classes = {
	};
	objectVersion = 56;
	objects = {

/* Begin PBXBuildFile section */
		A10000000000000000000001 /* AI_SpotlightApp.swift in Sources */ = {isa = PBXBuildFile; fileRef = A20000000000000000000001 /* AI_SpotlightApp.swift */; };
		A10000000000000000000002 /* ApplicationDelegate.swift in Sources */ = {isa = PBXBuildFile; fileRef = A20000000000000000000002 /* ApplicationDelegate.swift */; };
		A10000000000000000000003 /* AppCommand.swift in Sources */ = {isa = PBXBuildFile; fileRef = A20000000000000000000003 /* AppCommand.swift */; };
		A10000000000000000000004 /* MenuBarController.swift in Sources */ = {isa = PBXBuildFile; fileRef = A20000000000000000000004 /* MenuBarController.swift */; };
		A10000000000000000000005 /* AppShellView.swift in Sources */ = {isa = PBXBuildFile; fileRef = A20000000000000000000005 /* AppShellView.swift */; };
		A10000000000000000000006 /* AppCommandTests.swift in Sources */ = {isa = PBXBuildFile; fileRef = A20000000000000000000007 /* AppCommandTests.swift */; };
		A10000000000000000000007 /* GlassAppearanceSettings.swift in Sources */ = {isa = PBXBuildFile; fileRef = A20000000000000000000010 /* GlassAppearanceSettings.swift */; };
		A10000000000000000000008 /* GlobalHotKeyMonitor.swift in Sources */ = {isa = PBXBuildFile; fileRef = A20000000000000000000011 /* GlobalHotKeyMonitor.swift */; };
		A10000000000000000000009 /* PanelShortcut.swift in Sources */ = {isa = PBXBuildFile; fileRef = A20000000000000000000012 /* PanelShortcut.swift */; };
		A1000000000000000000000A /* SpotlightPanelController.swift in Sources */ = {isa = PBXBuildFile; fileRef = A20000000000000000000013 /* SpotlightPanelController.swift */; };
		D10000000000000000000001 /* LocalModelEngine.swift in Sources */ = {isa = PBXBuildFile; fileRef = D20000000000000000000001 /* LocalModelEngine.swift */; };
		D10000000000000000000002 /* LocalModelInstallationStore.swift in Sources */ = {isa = PBXBuildFile; fileRef = D20000000000000000000002 /* LocalModelInstallationStore.swift */; };
		D10000000000000000000003 /* LlamaCPPModelEngine.swift in Sources */ = {isa = PBXBuildFile; fileRef = D20000000000000000000003 /* LlamaCPPModelEngine.swift */; };
		D10000000000000000000004 /* LocalChatViewModel.swift in Sources */ = {isa = PBXBuildFile; fileRef = D20000000000000000000004 /* LocalChatViewModel.swift */; };
		D10000000000000000000005 /* LlamaBridge in Frameworks */ = {isa = PBXBuildFile; productRef = D40000000000000000000001 /* LlamaBridge */; };
		D10000000000000000000006 /* LocalInferenceTests.swift in Sources */ = {isa = PBXBuildFile; fileRef = D20000000000000000000005 /* LocalInferenceTests.swift */; };
		D10000000000000000000007 /* ThirdPartyNotices.txt in Resources */ = {isa = PBXBuildFile; fileRef = D20000000000000000000006 /* ThirdPartyNotices.txt */; };
		E10000000000000000000001 /* ChatDomain.swift in Sources */ = {isa = PBXBuildFile; fileRef = E20000000000000000000001 /* ChatDomain.swift */; };
		E10000000000000000000002 /* ChatSessionStore.swift in Sources */ = {isa = PBXBuildFile; fileRef = E20000000000000000000002 /* ChatSessionStore.swift */; };
		E10000000000000000000003 /* LocalModelManifest.swift in Sources */ = {isa = PBXBuildFile; fileRef = E20000000000000000000003 /* LocalModelManifest.swift */; };
		E10000000000000000000004 /* ChatPersistenceTests.swift in Sources */ = {isa = PBXBuildFile; fileRef = E20000000000000000000004 /* ChatPersistenceTests.swift */; };
		F10000000000000000000001 /* CloudDomain.swift in Sources */ = {isa = PBXBuildFile; fileRef = F20000000000000000000001 /* CloudDomain.swift */; };
		F10000000000000000000002 /* KeychainCredentialStore.swift in Sources */ = {isa = PBXBuildFile; fileRef = F20000000000000000000002 /* KeychainCredentialStore.swift */; };
		F10000000000000000000003 /* CloudNetworking.swift in Sources */ = {isa = PBXBuildFile; fileRef = F20000000000000000000003 /* CloudNetworking.swift */; };
		F10000000000000000000004 /* ServerSentEvents.swift in Sources */ = {isa = PBXBuildFile; fileRef = F20000000000000000000004 /* ServerSentEvents.swift */; };
		F10000000000000000000005 /* CloudProviderClients.swift in Sources */ = {isa = PBXBuildFile; fileRef = F20000000000000000000005 /* CloudProviderClients.swift */; };
		F10000000000000000000006 /* CloudModelCatalog.swift in Sources */ = {isa = PBXBuildFile; fileRef = F20000000000000000000006 /* CloudModelCatalog.swift */; };
		F10000000000000000000007 /* CloudSettingsModel.swift in Sources */ = {isa = PBXBuildFile; fileRef = F20000000000000000000007 /* CloudSettingsModel.swift */; };
		F10000000000000000000008 /* CloudModeTests.swift in Sources */ = {isa = PBXBuildFile; fileRef = F20000000000000000000008 /* CloudModeTests.swift */; };
		F10000000000000000000009 /* CodexAppServer.swift in Sources */ = {isa = PBXBuildFile; fileRef = F20000000000000000000009 /* CodexAppServer.swift */; };
		F1000000000000000000000A /* CodexSubscriptionClient.swift in Sources */ = {isa = PBXBuildFile; fileRef = F2000000000000000000000A /* CodexSubscriptionClient.swift */; };
		F1000000000000000000000B /* CodexSubscriptionTests.swift in Sources */ = {isa = PBXBuildFile; fileRef = F2000000000000000000000B /* CodexSubscriptionTests.swift */; };
/* End PBXBuildFile section */

/* Begin PBXContainerItemProxy section */
		A30000000000000000000001 /* PBXContainerItemProxy */ = {
			isa = PBXContainerItemProxy;
			containerPortal = A40000000000000000000001 /* Project object */;
			proxyType = 1;
			remoteGlobalIDString = A50000000000000000000001;
			remoteInfo = "AI Spotlight";
		};
/* End PBXContainerItemProxy section */

/* Begin PBXFileReference section */
		A20000000000000000000001 /* AI_SpotlightApp.swift */ = {isa = PBXFileReference; lastKnownFileType = sourcecode.swift; path = AI_SpotlightApp.swift; sourceTree = "<group>"; };
		A20000000000000000000002 /* ApplicationDelegate.swift */ = {isa = PBXFileReference; lastKnownFileType = sourcecode.swift; path = ApplicationDelegate.swift; sourceTree = "<group>"; };
		A20000000000000000000003 /* AppCommand.swift */ = {isa = PBXFileReference; lastKnownFileType = sourcecode.swift; path = AppCommand.swift; sourceTree = "<group>"; };
		A20000000000000000000004 /* MenuBarController.swift */ = {isa = PBXFileReference; lastKnownFileType = sourcecode.swift; path = MenuBarController.swift; sourceTree = "<group>"; };
		A20000000000000000000005 /* AppShellView.swift */ = {isa = PBXFileReference; lastKnownFileType = sourcecode.swift; path = AppShellView.swift; sourceTree = "<group>"; };
		A20000000000000000000006 /* Info.plist */ = {isa = PBXFileReference; lastKnownFileType = text.plist.xml; path = Info.plist; sourceTree = "<group>"; };
		A20000000000000000000007 /* AppCommandTests.swift */ = {isa = PBXFileReference; lastKnownFileType = sourcecode.swift; path = AppCommandTests.swift; sourceTree = "<group>"; };
		A20000000000000000000010 /* GlassAppearanceSettings.swift */ = {isa = PBXFileReference; lastKnownFileType = sourcecode.swift; path = GlassAppearanceSettings.swift; sourceTree = "<group>"; };
		A20000000000000000000011 /* GlobalHotKeyMonitor.swift */ = {isa = PBXFileReference; lastKnownFileType = sourcecode.swift; path = GlobalHotKeyMonitor.swift; sourceTree = "<group>"; };
		A20000000000000000000012 /* PanelShortcut.swift */ = {isa = PBXFileReference; lastKnownFileType = sourcecode.swift; path = PanelShortcut.swift; sourceTree = "<group>"; };
		A20000000000000000000013 /* SpotlightPanelController.swift */ = {isa = PBXFileReference; lastKnownFileType = sourcecode.swift; path = SpotlightPanelController.swift; sourceTree = "<group>"; };
		D20000000000000000000001 /* LocalModelEngine.swift */ = {isa = PBXFileReference; lastKnownFileType = sourcecode.swift; path = LocalModelEngine.swift; sourceTree = "<group>"; };
		D20000000000000000000002 /* LocalModelInstallationStore.swift */ = {isa = PBXFileReference; lastKnownFileType = sourcecode.swift; path = LocalModelInstallationStore.swift; sourceTree = "<group>"; };
		D20000000000000000000003 /* LlamaCPPModelEngine.swift */ = {isa = PBXFileReference; lastKnownFileType = sourcecode.swift; path = LlamaCPPModelEngine.swift; sourceTree = "<group>"; };
		D20000000000000000000004 /* LocalChatViewModel.swift */ = {isa = PBXFileReference; lastKnownFileType = sourcecode.swift; path = LocalChatViewModel.swift; sourceTree = "<group>"; };
		D20000000000000000000005 /* LocalInferenceTests.swift */ = {isa = PBXFileReference; lastKnownFileType = sourcecode.swift; path = LocalInferenceTests.swift; sourceTree = "<group>"; };
		D20000000000000000000006 /* ThirdPartyNotices.txt */ = {isa = PBXFileReference; lastKnownFileType = text; path = ThirdPartyNotices.txt; sourceTree = "<group>"; };
		E20000000000000000000001 /* ChatDomain.swift */ = {isa = PBXFileReference; lastKnownFileType = sourcecode.swift; path = ChatDomain.swift; sourceTree = "<group>"; };
		E20000000000000000000002 /* ChatSessionStore.swift */ = {isa = PBXFileReference; lastKnownFileType = sourcecode.swift; path = ChatSessionStore.swift; sourceTree = "<group>"; };
		E20000000000000000000003 /* LocalModelManifest.swift */ = {isa = PBXFileReference; lastKnownFileType = sourcecode.swift; path = LocalModelManifest.swift; sourceTree = "<group>"; };
		E20000000000000000000004 /* ChatPersistenceTests.swift */ = {isa = PBXFileReference; lastKnownFileType = sourcecode.swift; path = ChatPersistenceTests.swift; sourceTree = "<group>"; };
		F20000000000000000000001 /* CloudDomain.swift */ = {isa = PBXFileReference; lastKnownFileType = sourcecode.swift; path = CloudDomain.swift; sourceTree = "<group>"; };
		F20000000000000000000002 /* KeychainCredentialStore.swift */ = {isa = PBXFileReference; lastKnownFileType = sourcecode.swift; path = KeychainCredentialStore.swift; sourceTree = "<group>"; };
		F20000000000000000000003 /* CloudNetworking.swift */ = {isa = PBXFileReference; lastKnownFileType = sourcecode.swift; path = CloudNetworking.swift; sourceTree = "<group>"; };
		F20000000000000000000004 /* ServerSentEvents.swift */ = {isa = PBXFileReference; lastKnownFileType = sourcecode.swift; path = ServerSentEvents.swift; sourceTree = "<group>"; };
		F20000000000000000000005 /* CloudProviderClients.swift */ = {isa = PBXFileReference; lastKnownFileType = sourcecode.swift; path = CloudProviderClients.swift; sourceTree = "<group>"; };
		F20000000000000000000006 /* CloudModelCatalog.swift */ = {isa = PBXFileReference; lastKnownFileType = sourcecode.swift; path = CloudModelCatalog.swift; sourceTree = "<group>"; };
		F20000000000000000000007 /* CloudSettingsModel.swift */ = {isa = PBXFileReference; lastKnownFileType = sourcecode.swift; path = CloudSettingsModel.swift; sourceTree = "<group>"; };
		F20000000000000000000008 /* CloudModeTests.swift */ = {isa = PBXFileReference; lastKnownFileType = sourcecode.swift; path = CloudModeTests.swift; sourceTree = "<group>"; };
		F20000000000000000000009 /* CodexAppServer.swift */ = {isa = PBXFileReference; lastKnownFileType = sourcecode.swift; path = CodexAppServer.swift; sourceTree = "<group>"; };
		F2000000000000000000000A /* CodexSubscriptionClient.swift */ = {isa = PBXFileReference; lastKnownFileType = sourcecode.swift; path = CodexSubscriptionClient.swift; sourceTree = "<group>"; };
		F2000000000000000000000B /* CodexSubscriptionTests.swift */ = {isa = PBXFileReference; lastKnownFileType = sourcecode.swift; path = CodexSubscriptionTests.swift; sourceTree = "<group>"; };
		A20000000000000000000008 /* PrimaryAgent.app */ = {isa = PBXFileReference; explicitFileType = wrapper.application; includeInIndex = 0; path = PrimaryAgent.app; sourceTree = BUILT_PRODUCTS_DIR; };
		A20000000000000000000009 /* PrimaryAgentTests.xctest */ = {isa = PBXFileReference; explicitFileType = wrapper.cfbundle; includeInIndex = 0; path = PrimaryAgentTests.xctest; sourceTree = BUILT_PRODUCTS_DIR; };
/* End PBXFileReference section */

/* Begin PBXFrameworksBuildPhase section */
		A60000000000000000000001 /* Frameworks */ = {
			isa = PBXFrameworksBuildPhase;
			buildActionMask = 2147483647;
			files = (
				D10000000000000000000005 /* LlamaBridge in Frameworks */,
			);
			runOnlyForDeploymentPostprocessing = 0;
		};
		A60000000000000000000002 /* Frameworks */ = {
			isa = PBXFrameworksBuildPhase;
			buildActionMask = 2147483647;
			files = (
			);
			runOnlyForDeploymentPostprocessing = 0;
		};
/* End PBXFrameworksBuildPhase section */

/* Begin PBXGroup section */
		A70000000000000000000001 = {
			isa = PBXGroup;
			children = (
				A70000000000000000000002 /* AI-Spotlight */,
				A70000000000000000000005 /* AI-SpotlightTests */,
				A70000000000000000000006 /* Products */,
			);
			sourceTree = "<group>";
		};
		A70000000000000000000002 /* AI-Spotlight */ = {
			isa = PBXGroup;
			children = (
				A70000000000000000000003 /* App */,
				E70000000000000000000001 /* Chat */,
				F70000000000000000000001 /* Cloud */,
				D70000000000000000000001 /* LocalInference */,
				A70000000000000000000004 /* Resources */,
			);
			path = "AI-Spotlight";
			sourceTree = "<group>";
		};
		A70000000000000000000003 /* App */ = {
			isa = PBXGroup;
			children = (
				A20000000000000000000001 /* AI_SpotlightApp.swift */,
				A20000000000000000000002 /* ApplicationDelegate.swift */,
				A20000000000000000000003 /* AppCommand.swift */,
				A20000000000000000000004 /* MenuBarController.swift */,
				A20000000000000000000005 /* AppShellView.swift */,
				A20000000000000000000010 /* GlassAppearanceSettings.swift */,
				A20000000000000000000011 /* GlobalHotKeyMonitor.swift */,
				A20000000000000000000012 /* PanelShortcut.swift */,
				A20000000000000000000013 /* SpotlightPanelController.swift */,
			);
			path = App;
			sourceTree = "<group>";
		};
		A70000000000000000000004 /* Resources */ = {
			isa = PBXGroup;
			children = (
				A20000000000000000000006 /* Info.plist */,
				D20000000000000000000006 /* ThirdPartyNotices.txt */,
			);
			path = Resources;
			sourceTree = "<group>";
		};
		A70000000000000000000005 /* AI-SpotlightTests */ = {
			isa = PBXGroup;
			children = (
				A20000000000000000000007 /* AppCommandTests.swift */,
				D20000000000000000000005 /* LocalInferenceTests.swift */,
				E20000000000000000000004 /* ChatPersistenceTests.swift */,
				F20000000000000000000008 /* CloudModeTests.swift */,
				F2000000000000000000000B /* CodexSubscriptionTests.swift */,
			);
			path = "AI-SpotlightTests";
			sourceTree = "<group>";
		};
		A70000000000000000000006 /* Products */ = {
			isa = PBXGroup;
			children = (
				A20000000000000000000008 /* PrimaryAgent.app */,
				A20000000000000000000009 /* PrimaryAgentTests.xctest */,
			);
			name = Products;
			sourceTree = "<group>";
		};
		D70000000000000000000001 /* LocalInference */ = {
			isa = PBXGroup;
			children = (
				D20000000000000000000004 /* LocalChatViewModel.swift */,
				D20000000000000000000003 /* LlamaCPPModelEngine.swift */,
				D20000000000000000000002 /* LocalModelInstallationStore.swift */,
				D20000000000000000000001 /* LocalModelEngine.swift */,
				E20000000000000000000003 /* LocalModelManifest.swift */,
			);
			path = LocalInference;
			sourceTree = "<group>";
		};
		E70000000000000000000001 /* Chat */ = {
			isa = PBXGroup;
			children = (
				E20000000000000000000001 /* ChatDomain.swift */,
				E20000000000000000000002 /* ChatSessionStore.swift */,
			);
			path = Chat;
			sourceTree = "<group>";
		};
		F70000000000000000000001 /* Cloud */ = {
			isa = PBXGroup;
			children = (
				F20000000000000000000001 /* CloudDomain.swift */,
				F20000000000000000000009 /* CodexAppServer.swift */,
				F2000000000000000000000A /* CodexSubscriptionClient.swift */,
				F20000000000000000000002 /* KeychainCredentialStore.swift */,
				F20000000000000000000003 /* CloudNetworking.swift */,
				F20000000000000000000004 /* ServerSentEvents.swift */,
				F20000000000000000000005 /* CloudProviderClients.swift */,
				F20000000000000000000006 /* CloudModelCatalog.swift */,
				F20000000000000000000007 /* CloudSettingsModel.swift */,
			);
			path = Cloud;
			sourceTree = "<group>";
		};
/* End PBXGroup section */

/* Begin PBXNativeTarget section */
		A50000000000000000000001 /* AI Spotlight */ = {
			isa = PBXNativeTarget;
			buildConfigurationList = AA0000000000000000000001 /* Build configuration list for PBXNativeTarget "AI Spotlight" */;
			buildPhases = (
				A80000000000000000000001 /* Sources */,
				A60000000000000000000001 /* Frameworks */,
				A90000000000000000000001 /* Resources */,
			);
			buildRules = (
			);
			dependencies = (
			);
			name = "AI Spotlight";
			packageProductDependencies = (
				D40000000000000000000001 /* LlamaBridge */,
			);
			productName = PrimaryAgent;
			productReference = A20000000000000000000008 /* PrimaryAgent.app */;
			productType = "com.apple.product-type.application";
		};
		A50000000000000000000002 /* AI SpotlightTests */ = {
			isa = PBXNativeTarget;
			buildConfigurationList = AA0000000000000000000002 /* Build configuration list for PBXNativeTarget "AI SpotlightTests" */;
			buildPhases = (
				A80000000000000000000002 /* Sources */,
				A60000000000000000000002 /* Frameworks */,
			);
			buildRules = (
			);
			dependencies = (
				AB0000000000000000000001 /* PBXTargetDependency */,
			);
			name = "AI SpotlightTests";
			productName = PrimaryAgentTests;
			productReference = A20000000000000000000009 /* PrimaryAgentTests.xctest */;
			productType = "com.apple.product-type.bundle.unit-test";
		};
/* End PBXNativeTarget section */

/* Begin PBXProject section */
		A40000000000000000000001 /* Project object */ = {
			isa = PBXProject;
			attributes = {
				BuildIndependentTargetsInParallel = 1;
				LastSwiftUpdateCheck = 2660;
				LastUpgradeCheck = 2660;
				TargetAttributes = {
					A50000000000000000000001 = {
						CreatedOnToolsVersion = 26.6;
					};
					A50000000000000000000002 = {
						CreatedOnToolsVersion = 26.6;
						TestTargetID = A50000000000000000000001;
					};
				};
			};
			buildConfigurationList = AA0000000000000000000003 /* Build configuration list for PBXProject "AI-Spotlight" */;
			compatibilityVersion = "Xcode 14.0";
			developmentRegion = en;
			hasScannedForEncodings = 0;
			knownRegions = (
				en,
				Base,
			);
			mainGroup = A70000000000000000000001;
			packageReferences = (
				D30000000000000000000001 /* XCLocalSwiftPackageReference "Packages/LlamaBridge" */,
			);
			productRefGroup = A70000000000000000000006 /* Products */;
			projectDirPath = "";
			projectRoot = "";
			targets = (
				A50000000000000000000001 /* AI Spotlight */,
				A50000000000000000000002 /* AI SpotlightTests */,
			);
		};
/* End PBXProject section */

/* Begin PBXResourcesBuildPhase section */
		A90000000000000000000001 /* Resources */ = {
			isa = PBXResourcesBuildPhase;
			buildActionMask = 2147483647;
			files = (
				D10000000000000000000007 /* ThirdPartyNotices.txt in Resources */,
			);
			runOnlyForDeploymentPostprocessing = 0;
		};
/* End PBXResourcesBuildPhase section */

/* Begin PBXSourcesBuildPhase section */
		A80000000000000000000001 /* Sources */ = {
			isa = PBXSourcesBuildPhase;
			buildActionMask = 2147483647;
			files = (
				A10000000000000000000001 /* AI_SpotlightApp.swift in Sources */,
				A10000000000000000000002 /* ApplicationDelegate.swift in Sources */,
				A10000000000000000000003 /* AppCommand.swift in Sources */,
				A10000000000000000000004 /* MenuBarController.swift in Sources */,
				A10000000000000000000005 /* AppShellView.swift in Sources */,
				A10000000000000000000007 /* GlassAppearanceSettings.swift in Sources */,
				A10000000000000000000008 /* GlobalHotKeyMonitor.swift in Sources */,
				A10000000000000000000009 /* PanelShortcut.swift in Sources */,
				A1000000000000000000000A /* SpotlightPanelController.swift in Sources */,
				D10000000000000000000001 /* LocalModelEngine.swift in Sources */,
				D10000000000000000000002 /* LocalModelInstallationStore.swift in Sources */,
				D10000000000000000000003 /* LlamaCPPModelEngine.swift in Sources */,
				D10000000000000000000004 /* LocalChatViewModel.swift in Sources */,
				E10000000000000000000001 /* ChatDomain.swift in Sources */,
				E10000000000000000000002 /* ChatSessionStore.swift in Sources */,
				E10000000000000000000003 /* LocalModelManifest.swift in Sources */,
				F10000000000000000000001 /* CloudDomain.swift in Sources */,
				F10000000000000000000002 /* KeychainCredentialStore.swift in Sources */,
				F10000000000000000000003 /* CloudNetworking.swift in Sources */,
				F10000000000000000000004 /* ServerSentEvents.swift in Sources */,
				F10000000000000000000005 /* CloudProviderClients.swift in Sources */,
				F10000000000000000000006 /* CloudModelCatalog.swift in Sources */,
				F10000000000000000000007 /* CloudSettingsModel.swift in Sources */,
				F10000000000000000000009 /* CodexAppServer.swift in Sources */,
				F1000000000000000000000A /* CodexSubscriptionClient.swift in Sources */,
			);
			runOnlyForDeploymentPostprocessing = 0;
		};
		A80000000000000000000002 /* Sources */ = {
			isa = PBXSourcesBuildPhase;
			buildActionMask = 2147483647;
			files = (
				A10000000000000000000006 /* AppCommandTests.swift in Sources */,
				D10000000000000000000006 /* LocalInferenceTests.swift in Sources */,
				E10000000000000000000004 /* ChatPersistenceTests.swift in Sources */,
				F10000000000000000000008 /* CloudModeTests.swift in Sources */,
				F1000000000000000000000B /* CodexSubscriptionTests.swift in Sources */,
			);
			runOnlyForDeploymentPostprocessing = 0;
		};
/* End PBXSourcesBuildPhase section */

/* Begin PBXTargetDependency section */
		AB0000000000000000000001 /* PBXTargetDependency */ = {
			isa = PBXTargetDependency;
			target = A50000000000000000000001 /* AI Spotlight */;
			targetProxy = A30000000000000000000001 /* PBXContainerItemProxy */;
		};
/* End PBXTargetDependency section */

/* Begin XCBuildConfiguration section */
		AC0000000000000000000001 /* Debug */ = {
			isa = XCBuildConfiguration;
			buildSettings = {
				ALWAYS_SEARCH_USER_PATHS = NO;
				CLANG_CXX_LANGUAGE_STANDARD = "gnu++20";
				CLANG_ENABLE_MODULES = YES;
				CLANG_ENABLE_OBJC_ARC = YES;
				COPY_PHASE_STRIP = NO;
				DEBUG_INFORMATION_FORMAT = dwarf;
				ENABLE_STRICT_OBJC_MSGSEND = YES;
				ENABLE_TESTABILITY = YES;
				GCC_C_LANGUAGE_STANDARD = gnu17;
				GCC_NO_COMMON_BLOCKS = YES;
				GCC_OPTIMIZATION_LEVEL = 0;
				GCC_PREPROCESSOR_DEFINITIONS = (
					"DEBUG=1",
					"$(inherited)",
				);
				MACOSX_DEPLOYMENT_TARGET = 26.0;
				MTL_ENABLE_DEBUG_INFO = INCLUDE_SOURCE;
				ONLY_ACTIVE_ARCH = YES;
				SDKROOT = macosx;
				SWIFT_ACTIVE_COMPILATION_CONDITIONS = DEBUG;
				SWIFT_OPTIMIZATION_LEVEL = "-Onone";
			};
			name = Debug;
		};
		AC0000000000000000000002 /* Release */ = {
			isa = XCBuildConfiguration;
			buildSettings = {
				ALWAYS_SEARCH_USER_PATHS = NO;
				CLANG_CXX_LANGUAGE_STANDARD = "gnu++20";
				CLANG_ENABLE_MODULES = YES;
				CLANG_ENABLE_OBJC_ARC = YES;
				COPY_PHASE_STRIP = NO;
				DEBUG_INFORMATION_FORMAT = "dwarf-with-dsym";
				ENABLE_NS_ASSERTIONS = NO;
				ENABLE_STRICT_OBJC_MSGSEND = YES;
				GCC_C_LANGUAGE_STANDARD = gnu17;
				GCC_NO_COMMON_BLOCKS = YES;
				MACOSX_DEPLOYMENT_TARGET = 26.0;
				MTL_ENABLE_DEBUG_INFO = NO;
				SDKROOT = macosx;
				SWIFT_COMPILATION_MODE = wholemodule;
		};
			name = Release;
		};
		AC0000000000000000000003 /* Debug */ = {
			isa = XCBuildConfiguration;
			buildSettings = {
				CODE_SIGN_STYLE = Automatic;
				COMBINE_HIDPI_IMAGES = YES;
				CURRENT_PROJECT_VERSION = 1;
				DEAD_CODE_STRIPPING = YES;
				GENERATE_INFOPLIST_FILE = NO;
				INFOPLIST_FILE = "AI-Spotlight/Resources/Info.plist";
				MARKETING_VERSION = 1.0;
				PRODUCT_BUNDLE_IDENTIFIER = com.leow427.AISpotlight;
				PRODUCT_NAME = PrimaryAgent;
				SWIFT_EMIT_LOC_STRINGS = YES;
				SWIFT_VERSION = 6.0;
			};
			name = Debug;
		};
		AC0000000000000000000004 /* Release */ = {
			isa = XCBuildConfiguration;
			buildSettings = {
				CODE_SIGN_STYLE = Automatic;
				COMBINE_HIDPI_IMAGES = YES;
				CURRENT_PROJECT_VERSION = 1;
				DEAD_CODE_STRIPPING = YES;
				GENERATE_INFOPLIST_FILE = NO;
				INFOPLIST_FILE = "AI-Spotlight/Resources/Info.plist";
				MARKETING_VERSION = 1.0;
				PRODUCT_BUNDLE_IDENTIFIER = com.leow427.AISpotlight;
				PRODUCT_NAME = PrimaryAgent;
				SWIFT_EMIT_LOC_STRINGS = YES;
				SWIFT_VERSION = 6.0;
			};
			name = Release;
		};
		AC0000000000000000000005 /* Debug */ = {
			isa = XCBuildConfiguration;
			buildSettings = {
				BUNDLE_LOADER = "$(TEST_HOST)";
				CODE_SIGN_STYLE = Automatic;
				GENERATE_INFOPLIST_FILE = YES;
				MACOSX_DEPLOYMENT_TARGET = 26.0;
				PRODUCT_BUNDLE_IDENTIFIER = com.leow427.AISpotlightTests;
				PRODUCT_NAME = "$(TARGET_NAME)";
				SWIFT_VERSION = 6.0;
				TEST_HOST = "$(BUILT_PRODUCTS_DIR)/PrimaryAgent.app/Contents/MacOS/PrimaryAgent";
			};
			name = Debug;
		};
		AC0000000000000000000006 /* Release */ = {
			isa = XCBuildConfiguration;
			buildSettings = {
				BUNDLE_LOADER = "$(TEST_HOST)";
				CODE_SIGN_STYLE = Automatic;
				GENERATE_INFOPLIST_FILE = YES;
				MACOSX_DEPLOYMENT_TARGET = 26.0;
				PRODUCT_BUNDLE_IDENTIFIER = com.leow427.AISpotlightTests;
				PRODUCT_NAME = "$(TARGET_NAME)";
				SWIFT_VERSION = 6.0;
				TEST_HOST = "$(BUILT_PRODUCTS_DIR)/PrimaryAgent.app/Contents/MacOS/PrimaryAgent";
			};
			name = Release;
		};
/* End XCBuildConfiguration section */

/* Begin XCConfigurationList section */
		AA0000000000000000000001 /* Build configuration list for PBXNativeTarget "AI Spotlight" */ = {
			isa = XCConfigurationList;
			buildConfigurations = (
				AC0000000000000000000003 /* Debug */,
				AC0000000000000000000004 /* Release */,
			);
			defaultConfigurationIsVisible = 0;
			defaultConfigurationName = Release;
		};
		AA0000000000000000000002 /* Build configuration list for PBXNativeTarget "AI SpotlightTests" */ = {
			isa = XCConfigurationList;
			buildConfigurations = (
				AC0000000000000000000005 /* Debug */,
				AC0000000000000000000006 /* Release */,
			);
			defaultConfigurationIsVisible = 0;
			defaultConfigurationName = Release;
		};
		AA0000000000000000000003 /* Build configuration list for PBXProject "AI-Spotlight" */ = {
			isa = XCConfigurationList;
			buildConfigurations = (
				AC0000000000000000000001 /* Debug */,
				AC0000000000000000000002 /* Release */,
			);
			defaultConfigurationIsVisible = 0;
			defaultConfigurationName = Release;
		};
/* End XCConfigurationList section */

/* Begin XCLocalSwiftPackageReference section */
		D30000000000000000000001 /* XCLocalSwiftPackageReference "Packages/LlamaBridge" */ = {
			isa = XCLocalSwiftPackageReference;
			relativePath = Packages/LlamaBridge;
		};
/* End XCLocalSwiftPackageReference section */

/* Begin XCSwiftPackageProductDependency section */
		D40000000000000000000001 /* LlamaBridge */ = {
			isa = XCSwiftPackageProductDependency;
			productName = LlamaBridge;
		};
/* End XCSwiftPackageProductDependency section */
	};
	rootObject = A40000000000000000000001 /* Project object */;
}
